// !$*UTF8*$!
{
	archiveVersion = 1;
	classes = {
	};
	objectVersion = 50;
	objects = {

/* Begin PBXBuildFile section */
		1E42F350246482B0000F448A /* AppDelegate.swift in Sources */ = {isa = PBXBuildFile; fileRef = 1E42F34F246482B0000F448A /* AppDelegate.swift */; };
		1E42F352246482B0000F448A /* SceneDelegate.swift in Sources */ = {isa = PBXBuildFile; fileRef = 1E42F351246482B0000F448A /* SceneDelegate.swift */; };
		1E42F354246482B0000F448A /* ViewController.swift in Sources */ = {isa = PBXBuildFile; fileRef = 1E42F353246482B0000F448A /* ViewController.swift */; };
		1E42F357246482B0000F448A /* Main.storyboard in Resources */ = {isa = PBXBuildFile; fileRef = 1E42F355246482B0000F448A /* Main.storyboard */; };
		1E42F359246482B1000F448A /* Assets.xcassets in Resources */ = {isa = PBXBuildFile; fileRef = 1E42F358246482B1000F448A /* Assets.xcassets */; };
		1E42F35C246482B1000F448A /* LaunchScreen.storyboard in Resources */ = {isa = PBXBuildFile; fileRef = 1E42F35A246482B1000F448A /* LaunchScreen.storyboard */; };
		1E42F367246482B2000F448A /* Final_ProjectTests.swift in Sources */ = {isa = PBXBuildFile; fileRef = 1E42F366246482B2000F448A /* Final_ProjectTests.swift */; };
		1E42F372246482B2000F448A /* Final_ProjectUITests.swift in Sources */ = {isa = PBXBuildFile; fileRef = 1E42F371246482B2000F448A /* Final_ProjectUITests.swift */; };
		1E42F3802464982E000F448A /* SpeechToTextViewController.swift in Sources */ = {isa = PBXBuildFile; fileRef = 1E42F37F2464982E000F448A /* SpeechToTextViewController.swift */; };
		1E42F3822464B5DA000F448A /* TextToSpeechViewController.swift in Sources */ = {isa = PBXBuildFile; fileRef = 1E42F3812464B5DA000F448A /* TextToSpeechViewController.swift */; };
		1E42F3862464C9F4000F448A /* LanguageDetectionViewController.swift in Sources */ = {isa = PBXBuildFile; fileRef = 1E42F3852464C9F4000F448A /* LanguageDetectionViewController.swift */; };
/* End PBXBuildFile section */

/* Begin PBXContainerItemProxy section */
		1E42F363246482B2000F448A /* PBXContainerItemProxy */ = {
			isa = PBXContainerItemProxy;
			containerPortal = 1E42F344246482B0000F448A /* Project object */;
			proxyType = 1;
			remoteGlobalIDString = 1E42F34B246482B0000F448A;
			remoteInfo = "Final Project";
		};
		1E42F36E246482B2000F448A /* PBXContainerItemProxy */ = {
			isa = PBXContainerItemProxy;
			containerPortal = 1E42F344246482B0000F448A /* Project object */;
			proxyType = 1;
			remoteGlobalIDString = 1E42F34B246482B0000F448A;
			remoteInfo = "Final Project";
		};
/* End PBXContainerItemProxy section */

/* Begin PBXFileReference section */
		1E42F34C246482B0000F448A /* Final Project.app */ = {isa = PBXFileReference; explicitFileType = wrapper.application; includeInIndex = 0; path = "Final Project.app"; sourceTree = BUILT_PRODUCTS_DIR; };
		1E42F34F246482B0000F448A /* AppDelegate.swift */ = {isa = PBXFileReference; lastKnownFileType = sourcecode.swift; path = AppDelegate.swift; sourceTree = "<group>"; };
		1E42F351246482B0000F448A /* SceneDelegate.swift */ = {isa = PBXFileReference; lastKnownFileType = sourcecode.swift; path = SceneDelegate.swift; sourceTree = "<group>"; };
		1E42F353246482B0000F448A /* ViewController.swift */ = {isa = PBXFileReference; lastKnownFileType = sourcecode.swift; path = ViewController.swift; sourceTree = "<group>"; };
		1E42F356246482B0000F448A /* Base */ = {isa = PBXFileReference; lastKnownFileType = file.storyboard; name = Base; path = Base.lproj/Main.storyboard; sourceTree = "<group>"; };
		1E42F358246482B1000F448A /* Assets.xcassets */ = {isa = PBXFileReference; lastKnownFileType = folder.assetcatalog; path = Assets.xcassets; sourceTree = "<group>"; };
		1E42F35B246482B1000F448A /* Base */ = {isa = PBXFileReference; lastKnownFileType = file.storyboard; name = Base; path = Base.lproj/LaunchScreen.storyboard; sourceTree = "<group>"; };
		1E42F35D246482B1000F448A /* Info.plist */ = {isa = PBXFileReference; lastKnownFileType = text.plist.xml; path = Info.plist; sourceTree = "<group>"; };
		1E42F362246482B2000F448A /* Final ProjectTests.xctest */ = {isa = PBXFileReference; explicitFileType = wrapper.cfbundle; includeInIndex = 0; path = "Final ProjectTests.xctest"; sourceTree = BUILT_PRODUCTS_DIR; };
		1E42F366246482B2000F448A /* Final_ProjectTests.swift */ = {isa = PBXFileReference; lastKnownFileType = sourcecode.swift; path = Final_ProjectTests.swift; sourceTree = "<group>"; };
		1E42F368246482B2000F448A /* Info.plist */ = {isa = PBXFileReference; lastKnownFileType = text.plist.xml; path = Info.plist; sourceTree = "<group>"; };
		1E42F36D246482B2000F448A /* Final ProjectUITests.xctest */ = {isa = PBXFileReference; explicitFileType = wrapper.cfbundle; includeInIndex = 0; path = "Final ProjectUITests.xctest"; sourceTree = BUILT_PRODUCTS_DIR; };
		1E42F371246482B2000F448A /* Final_ProjectUITests.swift */ = {isa = PBXFileReference; lastKnownFileType = sourcecode.swift; path = Final_ProjectUITests.swift; sourceTree = "<group>"; };
		1E42F373246482B2000F448A /* Info.plist */ = {isa = PBXFileReference; lastKnownFileType = text.plist.xml; path = Info.plist; sourceTree = "<group>"; };
		1E42F37F2464982E000F448A /* SpeechToTextViewController.swift */ = {isa = PBXFileReference; lastKnownFileType = sourcecode.swift; path = SpeechToTextViewController.swift; sourceTree = "<group>"; };
		1E42F3812464B5DA000F448A /* TextToSpeechViewController.swift */ = {isa = PBXFileReference; lastKnownFileType = sourcecode.swift; path = TextToSpeechViewController.swift; sourceTree = "<group>"; };
		1E42F3852464C9F4000F448A /* LanguageDetectionViewController.swift */ = {isa = PBXFileReference; lastKnownFileType = sourcecode.swift; path = LanguageDetectionViewController.swift; sourceTree = "<group>"; };
/* End PBXFileReference section */

/* Begin PBXFrameworksBuildPhase section */
		1E42F349246482B0000F448A /* Frameworks */ = {
			isa = PBXFrameworksBuildPhase;
			buildActionMask = 2147483647;
			files = (
			);
			runOnlyForDeploymentPostprocessing = 0;
		};
		1E42F35F246482B2000F448A /* Frameworks */ = {
			isa = PBXFrameworksBuildPhase;
			buildActionMask = 2147483647;
			files = (
			);
			runOnlyForDeploymentPostprocessing = 0;
		};
		1E42F36A246482B2000F448A /* Frameworks */ = {
			isa = PBXFrameworksBuildPhase;
			buildActionMask = 2147483647;
			files = (
			);
			runOnlyForDeploymentPostprocessing = 0;
		};
/* End PBXFrameworksBuildPhase section */

/* Begin PBXGroup section */
		1E42F343246482B0000F448A = {
			isa = PBXGroup;
			children = (
				1E42F34E246482B0000F448A /* Final Project */,
				1E42F365246482B2000F448A /* Final ProjectTests */,
				1E42F370246482B2000F448A /* Final ProjectUITests */,
				1E42F34D246482B0000F448A /* Products */,
			);
			sourceTree = "<group>";
		};
		1E42F34D246482B0000F448A /* Products */ = {
			isa = PBXGroup;
			children = (
				1E42F34C246482B0000F448A /* Final Project.app */,
				1E42F362246482B2000F448A /* Final ProjectTests.xctest */,
				1E42F36D246482B2000F448A /* Final ProjectUITests.xctest */,
			);
			name = Products;
			sourceTree = "<group>";
		};
		1E42F34E246482B0000F448A /* Final Project */ = {
			isa = PBXGroup;
			children = (
				1E42F34F246482B0000F448A /* AppDelegate.swift */,
				1E42F351246482B0000F448A /* SceneDelegate.swift */,
				1E42F353246482B0000F448A /* ViewController.swift */,
				1E42F355246482B0000F448A /* Main.storyboard */,
				1E42F358246482B1000F448A /* Assets.xcassets */,
				1E42F35A246482B1000F448A /* LaunchScreen.storyboard */,
				1E42F35D246482B1000F448A /* Info.plist */,
				1E42F37F2464982E000F448A /* SpeechToTextViewController.swift */,
				1E42F3812464B5DA000F448A /* TextToSpeechViewController.swift */,
				1E42F3852464C9F4000F448A /* LanguageDetectionViewController.swift */,
			);
			path = "Final Project";
			sourceTree = "<group>";
		};
		1E42F365246482B2000F448A /* Final ProjectTests */ = {
			isa = PBXGroup;
			children = (
				1E42F366246482B2000F448A /* Final_ProjectTests.swift */,
				1E42F368246482B2000F448A /* Info.plist */,
			);
			path = "Final ProjectTests";
			sourceTree = "<group>";
		};
		1E42F370246482B2000F448A /* Final ProjectUITests */ = {
			isa = PBXGroup;
			children = (
				1E42F371246482B2000F448A /* Final_ProjectUITests.swift */,
				1E42F373246482B2000F448A /* Info.plist */,
			);
			path = "Final ProjectUITests";
			sourceTree = "<group>";
		};
/* End PBXGroup section */

/* Begin PBXNativeTarget section */
		1E42F34B246482B0000F448A /* Final Project */ = {
			isa = PBXNativeTarget;
			buildConfigurationList = 1E42F376246482B2000F448A /* Build configuration list for PBXNativeTarget "Final Project" */;
			buildPhases = (
				1E42F348246482B0000F448A /* Sources */,
				1E42F349246482B0000F448A /* Frameworks */,
				1E42F34A246482B0000F448A /* Resources */,
			);
			buildRules = (
			);
			dependencies = (
			);
			name = "Final Project";
			productName = "Final Project";
			productReference = 1E42F34C246482B0000F448A /* Final Project.app */;
			productType = "com.apple.product-type.application";
		};
		1E42F361246482B2000F448A /* Final ProjectTests */ = {
			isa = PBXNativeTarget;
			buildConfigurationList = 1E42F379246482B2000F448A /* Build configuration list for PBXNativeTarget "Final ProjectTests" */;
			buildPhases = (
				1E42F35E246482B2000F448A /* Sources */,
				1E42F35F246482B2000F448A /* Frameworks */,
				1E42F360246482B2000F448A /* Resources */,
			);
			buildRules = (
			);
			dependencies = (
				1E42F364246482B2000F448A /* PBXTargetDependency */,
			);
			name = "Final ProjectTests";
			productName = "Final ProjectTests";
			productReference = 1E42F362246482B2000F448A /* Final ProjectTests.xctest */;
			productType = "com.apple.product-type.bundle.unit-test";
		};
		1E42F36C246482B2000F448A /* Final ProjectUITests */ = {
			isa = PBXNativeTarget;
			buildConfigurationList = 1E42F37C246482B2000F448A /* Build configuration list for PBXNativeTarget "Final ProjectUITests" */;
			buildPhases = (
				1E42F369246482B2000F448A /* Sources */,
				1E42F36A246482B2000F448A /* Frameworks */,
				1E42F36B246482B2000F448A /* Resources */,
			);
			buildRules = (
			);
			dependencies = (
				1E42F36F246482B2000F448A /* PBXTargetDependency */,
			);
			name = "Final ProjectUITests";
			productName = "Final ProjectUITests";
			productReference = 1E42F36D246482B2000F448A /* Final ProjectUITests.xctest */;
			productType = "com.apple.product-type.bundle.ui-testing";
		};
/* End PBXNativeTarget section */

/* Begin PBXProject section */
		1E42F344246482B0000F448A /* Project object */ = {
			isa = PBXProject;
			attributes = {
				LastSwiftUpdateCheck = 1130;
				LastUpgradeCheck = 1130;
				ORGANIZATIONNAME = "Carmel Braga";
				TargetAttributes = {
					1E42F34B246482B0000F448A = {
						CreatedOnToolsVersion = 11.3.1;
					};
					1E42F361246482B2000F448A = {
						CreatedOnToolsVersion = 11.3.1;
						TestTargetID = 1E42F34B246482B0000F448A;
					};
					1E42F36C246482B2000F448A = {
						CreatedOnToolsVersion = 11.3.1;
						TestTargetID = 1E42F34B246482B0000F448A;
					};
				};
			};
			buildConfigurationList = 1E42F347246482B0000F448A /* Build configuration list for PBXProject "Final Project" */;
			compatibilityVersion = "Xcode 9.3";
			developmentRegion = en;
			hasScannedForEncodings = 0;
			knownRegions = (
				en,
				Base,
			);
			mainGroup = 1E42F343246482B0000F448A;
			productRefGroup = 1E42F34D246482B0000F448A /* Products */;
			projectDirPath = "";
			projectRoot = "";
			targets = (
				1E42F34B246482B0000F448A /* Final Project */,
				1E42F361246482B2000F448A /* Final ProjectTests */,
				1E42F36C246482B2000F448A /* Final ProjectUITests */,
			);
		};
/* End PBXProject section */

/* Begin PBXResourcesBuildPhase section */
		1E42F34A246482B0000F448A /* Resources */ = {
			isa = PBXResourcesBuildPhase;
			buildActionMask = 2147483647;
			files = (
				1E42F35C246482B1000F448A /* LaunchScreen.storyboard in Resources */,
				1E42F359246482B1000F448A /* Assets.xcassets in Resources */,
				1E42F357246482B0000F448A /* Main.storyboard in Resources */,
			);
			runOnlyForDeploymentPostprocessing = 0;
		};
		1E42F360246482B2000F448A /* Resources */ = {
			isa = PBXResourcesBuildPhase;
			buildActionMask = 2147483647;
			files = (
			);
			runOnlyForDeploymentPostprocessing = 0;
		};
		1E42F36B246482B2000F448A /* Resources */ = {
			isa = PBXResourcesBuildPhase;
			buildActionMask = 2147483647;
			files = (
			);
			runOnlyForDeploymentPostprocessing = 0;
		};
/* End PBXResourcesBuildPhase section */

/* Begin PBXSourcesBuildPhase section */
		1E42F348246482B0000F448A /* Sources */ = {
			isa = PBXSourcesBuildPhase;
			buildActionMask = 2147483647;
			files = (
				1E42F3802464982E000F448A /* SpeechToTextViewController.swift in Sources */,
				1E42F354246482B0000F448A /* ViewController.swift in Sources */,
				1E42F3822464B5DA000F448A /* TextToSpeechViewController.swift in Sources */,
				1E42F350246482B0000F448A /* AppDelegate.swift in Sources */,
				1E42F3862464C9F4000F448A /* LanguageDetectionViewController.swift in Sources */,
				1E42F352246482B0000F448A /* SceneDelegate.swift in Sources */,
			);
			runOnlyForDeploymentPostprocessing = 0;
		};
		1E42F35E246482B2000F448A /* Sources */ = {
			isa = PBXSourcesBuildPhase;
			buildActionMask = 2147483647;
			files = (
				1E42F367246482B2000F448A /* Final_ProjectTests.swift in Sources */,
			);
			runOnlyForDeploymentPostprocessing = 0;
		};
		1E42F369246482B2000F448A /* Sources */ = {
			isa = PBXSourcesBuildPhase;
			buildActionMask = 2147483647;
			files = (
				1E42F372246482B2000F448A /* Final_ProjectUITests.swift in Sources */,
			);
			runOnlyForDeploymentPostprocessing = 0;
		};
/* End PBXSourcesBuildPhase section */

/* Begin PBXTargetDependency section */
		1E42F364246482B2000F448A /* PBXTargetDependency */ = {
			isa = PBXTargetDependency;
			target = 1E42F34B246482B0000F448A /* Final Project */;
			targetProxy = 1E42F363246482B2000F448A /* PBXContainerItemProxy */;
		};
		1E42F36F246482B2000F448A /* PBXTargetDependency */ = {
			isa = PBXTargetDependency;
			target = 1E42F34B246482B0000F448A /* Final Project */;
			targetProxy = 1E42F36E246482B2000F448A /* PBXContainerItemProxy */;
		};
/* End PBXTargetDependency section */

/* Begin PBXVariantGroup section */
		1E42F355246482B0000F448A /* Main.storyboard */ = {
			isa = PBXVariantGroup;
			children = (
				1E42F356246482B0000F448A /* Base */,
			);
			name = Main.storyboard;
			sourceTree = "<group>";
		};
		1E42F35A246482B1000F448A /* LaunchScreen.storyboard */ = {
			isa = PBXVariantGroup;
			children = (
				1E42F35B246482B1000F448A /* Base */,
			);
			name = LaunchScreen.storyboard;
			sourceTree = "<group>";
		};
/* End PBXVariantGroup section */

/* Begin XCBuildConfiguration section */
		1E42F374246482B2000F448A /* Debug */ = {
			isa = XCBuildConfiguration;
			buildSettings = {
				ALWAYS_SEARCH_USER_PATHS = NO;
				CLANG_ANALYZER_NONNULL = YES;
				CLANG_ANALYZER_NUMBER_OBJECT_CONVERSION = YES_AGGRESSIVE;
				CLANG_CXX_LANGUAGE_STANDARD = "gnu++14";
				CLANG_CXX_LIBRARY = "libc++";
				CLANG_ENABLE_MODULES = YES;
				CLANG_ENABLE_OBJC_ARC = YES;
				CLANG_ENABLE_OBJC_WEAK = YES;
				CLANG_WARN_BLOCK_CAPTURE_AUTORELEASING = YES;
				CLANG_WARN_BOOL_CONVERSION = YES;
				CLANG_WARN_COMMA = YES;
				CLANG_WARN_CONSTANT_CONVERSION = YES;
				CLANG_WARN_DEPRECATED_OBJC_IMPLEMENTATIONS = YES;
				CLANG_WARN_DIRECT_OBJC_ISA_USAGE = YES_ERROR;
				CLANG_WARN_DOCUMENTATION_COMMENTS = YES;
				CLANG_WARN_EMPTY_BODY = YES;
				CLANG_WARN_ENUM_CONVERSION = YES;
				CLANG_WARN_INFINITE_RECURSION = YES;
				CLANG_WARN_INT_CONVERSION = YES;
				CLANG_WARN_NON_LITERAL_NULL_CONVERSION = YES;
				CLANG_WARN_OBJC_IMPLICIT_RETAIN_SELF = YES;
				CLANG_WARN_OBJC_LITERAL_CONVERSION = YES;
				CLANG_WARN_OBJC_ROOT_CLASS = YES_ERROR;
				CLANG_WARN_RANGE_LOOP_ANALYSIS = YES;
				CLANG_WARN_STRICT_PROTOTYPES = YES;
				CLANG_WARN_SUSPICIOUS_MOVE = YES;
				CLANG_WARN_UNGUARDED_AVAILABILITY = YES_AGGRESSIVE;
				CLANG_WARN_UNREACHABLE_CODE = YES;
				CLANG_WARN__DUPLICATE_METHOD_MATCH = YES;
				COPY_PHASE_STRIP = NO;
				DEBUG_INFORMATION_FORMAT = dwarf;
				ENABLE_STRICT_OBJC_MSGSEND = YES;
				ENABLE_TESTABILITY = YES;
				GCC_C_LANGUAGE_STANDARD = gnu11;
				GCC_DYNAMIC_NO_PIC = NO;
				GCC_NO_COMMON_BLOCKS = YES;
				GCC_OPTIMIZATION_LEVEL = 0;
				GCC_PREPROCESSOR_DEFINITIONS = (
					"DEBUG=1",
					"$(inherited)",
				);
				GCC_WARN_64_TO_32_BIT_CONVERSION = YES;
				GCC_WARN_ABOUT_RETURN_TYPE = YES_ERROR;
				GCC_WARN_UNDECLARED_SELECTOR = YES;
				GCC_WARN_UNINITIALIZED_AUTOS = YES_AGGRESSIVE;
				GCC_WARN_UNUSED_FUNCTION = YES;
				GCC_WARN_UNUSED_VARIABLE = YES;
				IPHONEOS_DEPLOYMENT_TARGET = 13.2;
				MTL_ENABLE_DEBUG_INFO = INCLUDE_SOURCE;
				MTL_FAST_MATH = YES;
				ONLY_ACTIVE_ARCH = YES;
				SDKROOT = iphoneos;
				SWIFT_ACTIVE_COMPILATION_CONDITIONS = DEBUG;
				SWIFT_OPTIMIZATION_LEVEL = "-Onone";
			};
			name = Debug;
		};
		1E42F375246482B2000F448A /* Release */ = {
			isa = XCBuildConfiguration;
			buildSettings = {
				ALWAYS_SEARCH_USER_PATHS = NO;
				CLANG_ANALYZER_NONNULL = YES;
				CLANG_ANALYZER_NUMBER_OBJECT_CONVERSION = YES_AGGRESSIVE;
				CLANG_CXX_LANGUAGE_STANDARD = "gnu++14";
				CLANG_CXX_LIBRARY = "libc++";
				CLANG_ENABLE_MODULES = YES;
				CLANG_ENABLE_OBJC_ARC = YES;
				CLANG_ENABLE_OBJC_WEAK = YES;
				CLANG_WARN_BLOCK_CAPTURE_AUTORELEASING = YES;
				CLANG_WARN_BOOL_CONVERSION = YES;
				CLANG_WARN_COMMA = YES;
				CLANG_WARN_CONSTANT_CONVERSION = YES;
				CLANG_WARN_DEPRECATED_OBJC_IMPLEMENTATIONS = YES;
				CLANG_WARN_DIRECT_OBJC_ISA_USAGE = YES_ERROR;
				CLANG_WARN_DOCUMENTATION_COMMENTS = YES;
				CLANG_WARN_EMPTY_BODY = YES;
				CLANG_WARN_ENUM_CONVERSION = YES;
				CLANG_WARN_INFINITE_RECURSION = YES;
				CLANG_WARN_INT_CONVERSION = YES;
				CLANG_WARN_NON_LITERAL_NULL_CONVERSION = YES;
				CLANG_WARN_OBJC_IMPLICIT_RETAIN_SELF = YES;
				CLANG_WARN_OBJC_LITERAL_CONVERSION = YES;
				CLANG_WARN_OBJC_ROOT_CLASS = YES_ERROR;
				CLANG_WARN_RANGE_LOOP_ANALYSIS = YES;
				CLANG_WARN_STRICT_PROTOTYPES = YES;
				CLANG_WARN_SUSPICIOUS_MOVE = YES;
				CLANG_WARN_UNGUARDED_AVAILABILITY = YES_AGGRESSIVE;
				CLANG_WARN_UNREACHABLE_CODE = YES;
				CLANG_WARN__DUPLICATE_METHOD_MATCH = YES;
				COPY_PHASE_STRIP = NO;
				DEBUG_INFORMATION_FORMAT = "dwarf-with-dsym";
				ENABLE_NS_ASSERTIONS = NO;
				ENABLE_STRICT_OBJC_MSGSEND = YES;
				GCC_C_LANGUAGE_STANDARD = gnu11;
				GCC_NO_COMMON_BLOCKS = YES;
				GCC_WARN_64_TO_32_BIT_CONVERSION = YES;
				GCC_WARN_ABOUT_RETURN_TYPE = YES_ERROR;
				GCC_WARN_UNDECLARED_SELECTOR = YES;
				GCC_WARN_UNINITIALIZED_AUTOS = YES_AGGRESSIVE;
				GCC_WARN_UNUSED_FUNCTION = YES;
				GCC_WARN_UNUSED_VARIABLE = YES;
				IPHONEOS_DEPLOYMENT_TARGET = 13.2;
				MTL_ENABLE_DEBUG_INFO = NO;
				MTL_FAST_MATH = YES;
				SDKROOT = iphoneos;
				SWIFT_COMPILATION_MODE = wholemodule;
				SWIFT_OPTIMIZATION_LEVEL = "-O";
				VALIDATE_PRODUCT = YES;
			};
			name = Release;
		};
		1E42F377246482B2000F448A /* Debug */ = {
			isa = XCBuildConfiguration;
			buildSettings = {
				ASSETCATALOG_COMPILER_APPICON_NAME = AppIcon;
				CODE_SIGN_STYLE = Automatic;
				DEVELOPMENT_TEAM = 8YG8Y9869R;
				INFOPLIST_FILE = "Final Project/Info.plist";
				LD_RUNPATH_SEARCH_PATHS = (
					"$(inherited)",
					"@executable_path/Frameworks",
				);
				PRODUCT_BUNDLE_IDENTIFIER = "cpbrz5.Final-Project";
				PRODUCT_NAME = "$(TARGET_NAME)";
				SWIFT_VERSION = 5.0;
				TARGETED_DEVICE_FAMILY = "1,2";
			};
			name = Debug;
		};
		1E42F378246482B2000F448A /* Release */ = {
			isa = XCBuildConfiguration;
			buildSettings = {
				ASSETCATALOG_COMPILER_APPICON_NAME = AppIcon;
				CODE_SIGN_STYLE = Automatic;
				DEVELOPMENT_TEAM = 8YG8Y9869R;
				INFOPLIST_FILE = "Final Project/Info.plist";
				LD_RUNPATH_SEARCH_PATHS = (
					"$(inherited)",
					"@executable_path/Frameworks",
				);
				PRODUCT_BUNDLE_IDENTIFIER = "cpbrz5.Final-Project";
				PRODUCT_NAME = "$(TARGET_NAME)";
				SWIFT_VERSION = 5.0;
				TARGETED_DEVICE_FAMILY = "1,2";
			};
			name = Release;
		};
		1E42F37A246482B2000F448A /* Debug */ = {
			isa = XCBuildConfiguration;
			buildSettings = {
				ALWAYS_EMBED_SWIFT_STANDARD_LIBRARIES = YES;
				BUNDLE_LOADER = "$(TEST_HOST)";
				CODE_SIGN_STYLE = Automatic;
				DEVELOPMENT_TEAM = 8YG8Y9869R;
				INFOPLIST_FILE = "Final ProjectTests/Info.plist";
				IPHONEOS_DEPLOYMENT_TARGET = 13.2;
				LD_RUNPATH_SEARCH_PATHS = (
					"$(inherited)",
					"@executable_path/Frameworks",
					"@loader_path/Frameworks",
				);
				PRODUCT_BUNDLE_IDENTIFIER = "cpbrz5.Final-ProjectTests";
				PRODUCT_NAME = "$(TARGET_NAME)";
				SWIFT_VERSION = 5.0;
				TARGETED_DEVICE_FAMILY = "1,2";
				TEST_HOST = "$(BUILT_PRODUCTS_DIR)/Final Project.app/Final Project";
			};
			name = Debug;
		};
		1E42F37B246482B2000F448A /* Release */ = {
			isa = XCBuildConfiguration;
			buildSettings = {
				ALWAYS_EMBED_SWIFT_STANDARD_LIBRARIES = YES;
				BUNDLE_LOADER = "$(TEST_HOST)";
				CODE_SIGN_STYLE = Automatic;
				DEVELOPMENT_TEAM = 8YG8Y9869R;
				INFOPLIST_FILE = "Final ProjectTests/Info.plist";
				IPHONEOS_DEPLOYMENT_TARGET = 13.2;
				LD_RUNPATH_SEARCH_PATHS = (
					"$(inherited)",
					"@executable_path/Frameworks",
					"@loader_path/Frameworks",
				);
				PRODUCT_BUNDLE_IDENTIFIER = "cpbrz5.Final-ProjectTests";
				PRODUCT_NAME = "$(TARGET_NAME)";
				SWIFT_VERSION = 5.0;
				TARGETED_DEVICE_FAMILY = "1,2";
				TEST_HOST = "$(BUILT_PRODUCTS_DIR)/Final Project.app/Final Project";
			};
			name = Release;
		};
		1E42F37D246482B2000F448A /* Debug */ = {
			isa = XCBuildConfiguration;
			buildSettings = {
				ALWAYS_EMBED_SWIFT_STANDARD_LIBRARIES = YES;
				CODE_SIGN_STYLE = Automatic;
				DEVELOPMENT_TEAM = 8YG8Y9869R;
				INFOPLIST_FILE = "Final ProjectUITests/Info.plist";
				LD_RUNPATH_SEARCH_PATHS = (
					"$(inherited)",
					"@executable_path/Frameworks",
					"@loader_path/Frameworks",
				);
				PRODUCT_BUNDLE_IDENTIFIER = "cpbrz5.Final-ProjectUITests";
				PRODUCT_NAME = "$(TARGET_NAME)";
				SWIFT_VERSION = 5.0;
				TARGETED_DEVICE_FAMILY = "1,2";
				TEST_TARGET_NAME = "Final Project";
			};
			name = Debug;
		};
		1E42F37E246482B2000F448A /* Release */ = {
			isa = XCBuildConfiguration;
			buildSettings = {
				ALWAYS_EMBED_SWIFT_STANDARD_LIBRARIES = YES;
				CODE_SIGN_STYLE = Automatic;
				DEVELOPMENT_TEAM = 8YG8Y9869R;
				INFOPLIST_FILE = "Final ProjectUITests/Info.plist";
				LD_RUNPATH_SEARCH_PATHS = (
					"$(inherited)",
					"@executable_path/Frameworks",
					"@loader_path/Frameworks",
				);
				PRODUCT_BUNDLE_IDENTIFIER = "cpbrz5.Final-ProjectUITests";
				PRODUCT_NAME = "$(TARGET_NAME)";
				SWIFT_VERSION = 5.0;
				TARGETED_DEVICE_FAMILY = "1,2";
				TEST_TARGET_NAME = "Final Project";
			};
			name = Release;
		};
/* End XCBuildConfiguration section */

/* Begin XCConfigurationList section */
		1E42F347246482B0000F448A /* Build configuration list for PBXProject "Final Project" */ = {
			isa = XCConfigurationList;
			buildConfigurations = (
				1E42F374246482B2000F448A /* Debug */,
				1E42F375246482B2000F448A /* Release */,
			);
			defaultConfigurationIsVisible = 0;
			defaultConfigurationName = Release;
		};
		1E42F376246482B2000F448A /* Build configuration list for PBXNativeTarget "Final Project" */ = {
			isa = XCConfigurationList;
			buildConfigurations = (
				1E42F377246482B2000F448A /* Debug */,
				1E42F378246482B2000F448A /* Release */,
			);
			defaultConfigurationIsVisible = 0;
			defaultConfigurationName = Release;
		};
		1E42F379246482B2000F448A /* Build configuration list for PBXNativeTarget "Final ProjectTests" */ = {
			isa = XCConfigurationList;
			buildConfigurations = (
				1E42F37A246482B2000F448A /* Debug */,
				1E42F37B246482B2000F448A /* Release */,
			);
			defaultConfigurationIsVisible = 0;
			defaultConfigurationName = Release;
		};
		1E42F37C246482B2000F448A /* Build configuration list for PBXNativeTarget "Final ProjectUITests" */ = {
			isa = XCConfigurationList;
			buildConfigurations = (
				1E42F37D246482B2000F448A /* Debug */,
				1E42F37E246482B2000F448A /* Release */,
			);
			defaultConfigurationIsVisible = 0;
			defaultConfigurationName = Release;
		};
/* End XCConfigurationList section */
	};
	rootObject = 1E42F344246482B0000F448A /* Project object */;
}
